
Microsoft Visual Studio Solution File, Format Version 12.00
# Visual Studio Version 17
VisualStudioVersion = 17.4.33122.133
MinimumVisualStudioVersion = 10.0.40219.1
Project("{9A19103F-16F7-4668-BE54-9A1E7A4F7556}") = "UnrealEngine.Gvas", "UnrealEngine.Gvas\UnrealEngine.Gvas.csproj", "{89988B13-C29B-4D23-96B0-6B99568026FF}"
EndProject
Project("{FAE04EC0-301F-11D3-BF4B-00C04F79EFBC}") = "Roboquest-Save-Editor", "Roboquest-Save-Editor\Roboquest-Save-Editor.csproj", "{96D9AC1A-CE4B-4FBF-BA86-AC990E76F03E}"
EndProject
Global
	GlobalSection(SolutionConfigurationPlatforms) = preSolution
		Debug|Any CPU = Debug|Any CPU
		Release|Any CPU = Release|Any CPU
	EndGlobalSection
	GlobalSection(ProjectConfigurationPlatforms) = postSolution
		{89988B13-C29B-4D23-96B0-6B99568026FF}.Debug|Any CPU.ActiveCfg = Debug|Any CPU
		{89988B13-C29B-4D23-96B0-6B99568026FF}.Debug|Any CPU.Build.0 = Debug|Any CPU
		{89988B13-C29B-4D23-96B0-6B99568026FF}.Release|Any CPU.ActiveCfg = Release|Any CPU
		{89988B13-C29B-4D23-96B0-6B99568026FF}.Release|Any CPU.Build.0 = Release|Any CPU
		{96D9AC1A-CE4B-4FBF-BA86-AC990E76F03E}.Debug|Any CPU.ActiveCfg = Debug|Any CPU
		{96D9AC1A-CE4B-4FBF-BA86-AC990E76F03E}.Debug|Any CPU.Build.0 = Debug|Any CPU
		{96D9AC1A-CE4B-4FBF-BA86-AC990E76F03E}.Release|Any CPU.ActiveCfg = Release|Any CPU
		{96D9AC1A-CE4B-4FBF-BA86-AC990E76F03E}.Release|Any CPU.Build.0 = Release|Any CPU
	EndGlobalSection
	GlobalSection(SolutionProperties) = preSolution
		HideSolutionNode = FALSE
	EndGlobalSection
	GlobalSection(ExtensibilityGlobals) = postSolution
		SolutionGuid = {7F532983-BA35-448D-8DF6-7850AB525A78}
	EndGlobalSection
EndGlobal
